{
    "_readme": [
        "This file locks the dependencies of your project to a known state",
        "Read more about it at https://getcomposer.org/doc/01-basic-usage.md#composer-lock-the-lock-file",
        "This file is @generated automatically"
    ],
    "content-hash": "51130047d67821124f2bc466364b415a",
    "packages": [
        {
            "name": "dnetix/redirection",
            "version": "0.3.7",
            "source": {
                "type": "git",
                "url": "https://github.com/dnetix/redirection.git",
                "reference": "042cacf3578fce4c0134d1087337b3fcb0ad42a8"
            },
            "dist": {
                "type": "zip",
                "url": "https://api.github.com/repos/dnetix/redirection/zipball/042cacf3578fce4c0134d1087337b3fcb0ad42a8",
                "reference": "042cacf3578fce4c0134d1087337b3fcb0ad42a8",
                "shasum": ""
            },
            "require": {
                "ext-soap": "*",
                "guzzlehttp/guzzle": "^5.3",
                "php": ">=5.4"
            },
            "require-dev": {
                "phpunit/phpunit": "^4.8"
            },
            "type": "library",
            "autoload": {
                "psr-4": {
                    "Dnetix\\Redirection\\": "src/"
                }
            },
            "notification-url": "https://packagist.org/downloads/",
            "license": [
                "MIT"
            ],
            "authors": [
                {
                    "name": "Diego Calle",
                    "email": "dnetix@gmail.com"
                }
            ],
            "description": "Library to connect with PlacetoPay Redirection service",
            "time": "2017-03-29T23:47:52+00:00"
        },
        {
            "name": "guzzlehttp/guzzle",
            "version": "5.3.x-dev",
            "source": {
                "type": "git",
                "url": "https://github.com/guzzle/guzzle.git",
                "reference": "fc66319d0027509c3a83166314dfc813fa25ffcc"
            },
            "dist": {
                "type": "zip",
                "url": "https://api.github.com/repos/guzzle/guzzle/zipball/fc66319d0027509c3a83166314dfc813fa25ffcc",
                "reference": "fc66319d0027509c3a83166314dfc813fa25ffcc",
                "shasum": ""
            },
            "require": {
                "guzzlehttp/ringphp": "^1.1",
                "php": ">=5.4.0",
                "react/promise": "^2.2"
            },
            "require-dev": {
                "ext-curl": "*",
                "phpunit/phpunit": "^4.0"
            },
            "type": "library",
            "autoload": {
                "psr-4": {
                    "GuzzleHttp\\": "src/"
                }
            },
            "notification-url": "https://packagist.org/downloads/",
            "license": [
                "MIT"
            ],
            "authors": [
                {
                    "name": "Michael Dowling",
                    "email": "mtdowling@gmail.com",
                    "homepage": "https://github.com/mtdowling"
                }
            ],
            "description": "Guzzle is a PHP HTTP client library and framework for building RESTful web service clients",
            "homepage": "http://guzzlephp.org/",
            "keywords": [
                "client",
                "curl",
                "framework",
                "http",
                "http client",
                "rest",
                "web service"
            ],
            "time": "2017-01-05 06:25:03"
        },
        {
            "name": "guzzlehttp/ringphp",
            "version": "dev-master",
            "source": {
                "type": "git",
                "url": "https://github.com/guzzle/RingPHP.git",
                "reference": "4c8fe4c48a0fb7cc5e41ef529e43fecd6da4d539"
            },
            "dist": {
                "type": "zip",
                "url": "https://api.github.com/repos/guzzle/RingPHP/zipball/4c8fe4c48a0fb7cc5e41ef529e43fecd6da4d539",
                "reference": "4c8fe4c48a0fb7cc5e41ef529e43fecd6da4d539",
                "shasum": ""
            },
            "require": {
                "guzzlehttp/streams": "~3.0",
                "php": ">=5.4.0",
                "react/promise": "~2.0"
            },
            "require-dev": {
                "ext-curl": "*",
                "phpunit/phpunit": "~4.0"
            },
            "suggest": {
                "ext-curl": "Guzzle will use specific adapters if cURL is present"
            },
            "type": "library",
            "extra": {
                "branch-alias": {
                    "dev-master": "1.1-dev"
                }
            },
            "autoload": {
                "psr-4": {
                    "GuzzleHttp\\Ring\\": "src/"
                }
            },
            "notification-url": "https://packagist.org/downloads/",
            "license": [
                "MIT"
            ],
            "authors": [
                {
                    "name": "Michael Dowling",
                    "email": "mtdowling@gmail.com",
                    "homepage": "https://github.com/mtdowling"
                }
            ],
            "description": "Provides a simple API and specification that abstracts away the details of HTTP into a single PHP function.",
            "time": "2017-01-13 20:44:38"
        },
        {
            "name": "guzzlehttp/streams",
            "version": "dev-master",
            "source": {
                "type": "git",
                "url": "https://github.com/guzzle/streams.git",
                "reference": "d99a261c616210618ab94fd319cb17eda458cc3e"
            },
            "dist": {
                "type": "zip",
                "url": "https://api.github.com/repos/guzzle/streams/zipball/d99a261c616210618ab94fd319cb17eda458cc3e",
                "reference": "d99a261c616210618ab94fd319cb17eda458cc3e",
                "shasum": ""
            },
            "require": {
                "php": ">=5.4.0"
            },
            "require-dev": {
                "phpunit/phpunit": "~4.0"
            },
            "type": "library",
            "extra": {
                "branch-alias": {
                    "dev-master": "3.0-dev"
                }
            },
            "autoload": {
                "psr-4": {
                    "GuzzleHttp\\Stream\\": "src/"
                }
            },
            "notification-url": "https://packagist.org/downloads/",
            "license": [
                "MIT"
            ],
            "authors": [
                {
                    "name": "Michael Dowling",
                    "email": "mtdowling@gmail.com",
                    "homepage": "https://github.com/mtdowling"
                }
            ],
            "description": "Provides a simple abstraction over streams of data",
            "homepage": "http://guzzlephp.org/",
            "keywords": [
                "Guzzle",
                "stream"
            ],
            "time": "2016-04-13 16:32:01"
        },
        {
            "name": "react/promise",
            "version": "2.x-dev",
            "source": {
                "type": "git",
                "url": "https://github.com/reactphp/promise.git",
                "reference": "62785ae604c8d69725d693eb370e1d67e94c4053"
            },
            "dist": {
                "type": "zip",
                "url": "https://api.github.com/repos/reactphp/promise/zipball/62785ae604c8d69725d693eb370e1d67e94c4053",
                "reference": "62785ae604c8d69725d693eb370e1d67e94c4053",
                "shasum": ""
            },
            "require": {
                "php": ">=5.4.0"
            },
            "require-dev": {
                "phpunit/phpunit": "~4.8"
            },
            "type": "library",
            "autoload": {
                "psr-4": {
                    "React\\Promise\\": "src/"
                },
                "files": [
                    "src/functions_include.php"
                ]
            },
            "notification-url": "https://packagist.org/downloads/",
            "license": [
                "MIT"
            ],
            "authors": [
                {
                    "name": "Jan Sorgalla",
                    "email": "jsorgalla@gmail.com"
                }
            ],
            "description": "A lightweight implementation of CommonJS Promises/A for PHP",
            "keywords": [
                "promise",
                "promises"
            ],
            "time": "2017-03-25 12:08:31"
        }
    ],
    "packages-dev": [],
    "aliases": [],
    "minimum-stability": "dev",
    "stability-flags": [],
    "prefer-stable": false,
    "prefer-lowest": false,
    "platform": [],
    "platform-dev": []
}
